
Microsoft Visual Studio Solution File, Format Version 12.00
# Visual Studio Version 17
VisualStudioVersion = 17.4.33122.133
MinimumVisualStudioVersion = 10.0.40219.1
Project("{FAE04EC0-301F-11D3-BF4B-00C04F79EFBC}") = "ToDoAPI", "ToDoList\ToDoAPI.csproj", "{E0D289DE-6474-4424-89F0-E0318CF68BCC}"
EndProject
Global
	GlobalSection(SolutionConfigurationPlatforms) = preSolution
		Debug|Any CPU = Debug|Any CPU
		Release|Any CPU = Release|Any CPU
	EndGlobalSection
	GlobalSection(ProjectConfigurationPlatforms) = postSolution
		{E0D289DE-6474-4424-89F0-E0318CF68BCC}.Debug|Any CPU.ActiveCfg = Debug|Any CPU
		{E0D289DE-6474-4424-89F0-E0318CF68BCC}.Debug|Any CPU.Build.0 = Debug|Any CPU
		{E0D289DE-6474-4424-89F0-E0318CF68BCC}.Release|Any CPU.ActiveCfg = Release|Any CPU
		{E0D289DE-6474-4424-89F0-E0318CF68BCC}.Release|Any CPU.Build.0 = Release|Any CPU
	EndGlobalSection
	GlobalSection(SolutionProperties) = preSolution
		HideSolutionNode = FALSE
	EndGlobalSection
	GlobalSection(ExtensibilityGlobals) = postSolution
		SolutionGuid = {F297659B-E9C2-4895-B34D-EC71E4C57170}
	EndGlobalSection
EndGlobal
